
Microsoft Visual Studio Solution File, Format Version 12.00
# Visual Studio 15
VisualStudioVersion = 15.0.26730.16
MinimumVisualStudioVersion = 10.0.40219.1
Project("{FAE04EC0-301F-11D3-BF4B-00C04F79EFBC}") = "VstsApi.Net", "VstsManager.Net\VstsApi.Net.csproj", "{6EABF9CC-B87D-43C5-A67E-99DBB89679CB}"
EndProject
Project("{FAE04EC0-301F-11D3-BF4B-00C04F79EFBC}") = "Dashboard.Webjobs.Net", "Dashboard.Webjobs.Net\Dashboard.Webjobs.Net.csproj", "{B85FECE5-0B33-4871-B714-88D43CE48A57}"
EndProject
Project("{9A19103F-16F7-4668-BE54-9A1E7A4F7556}") = "AzureApi.Net", "AzureApi.Net\AzureApi.Net.csproj", "{E944918F-872F-4807-BD1C-CC14EBC7DD98}"
EndProject
Project("{9A19103F-16F7-4668-BE54-9A1E7A4F7556}") = "AzureApi.Client.Net", "AzureApi.Client.Net\AzureApi.Client.Net.csproj", "{35CCC32B-B2A1-4222-8303-CF0E00C01454}"
EndProject
Project("{9A19103F-16F7-4668-BE54-9A1E7A4F7556}") = "Dashboard.NetStandard.Core", "Dashboard.Core\Dashboard.NetStandard.Core.csproj", "{F024A90C-CD9E-4317-96B8-D8CEC1B8C6DC}"
EndProject
Project("{9A19103F-16F7-4668-BE54-9A1E7A4F7556}") = "Extensions.NetStandard", "Extensions.NetStandard\Extensions.NetStandard.csproj", "{E547A169-4B48-40CC-9FDB-2D97F1BE5FE7}"
EndProject
Project("{9A19103F-16F7-4668-BE54-9A1E7A4F7556}") = "Notify.NetStandard", "Notify.NetStandard\Notify.NetStandard.csproj", "{C1881792-2ED7-4A8C-82EB-A34BDB8D636D}"
EndProject
Project("{FAE04EC0-301F-11D3-BF4B-00C04F79EFBC}") = "Dashboard2.Net", "Dashboard2.Net\Dashboard2.Net.csproj", "{F4043F1F-5AFC-4722-8D1F-08E8E4034257}"
EndProject
Project("{FAE04EC0-301F-11D3-BF4B-00C04F79EFBC}") = "Builder.Net", "Builder.Net\Builder.Net.csproj", "{2AD7907C-35B5-4CA7-8A0C-CE5AFAF7F5B4}"
EndProject
Project("{FAE04EC0-301F-11D3-BF4B-00C04F79EFBC}") = "Director.NetStandard", "Director.NetStandard\Director.NetStandard.csproj", "{83BBF05D-F78F-49AE-8F64-EDE85F80B01F}"
EndProject
Global
	GlobalSection(SolutionConfigurationPlatforms) = preSolution
		Debug|Any CPU = Debug|Any CPU
		Release|Any CPU = Release|Any CPU
	EndGlobalSection
	GlobalSection(ProjectConfigurationPlatforms) = postSolution
		{6EABF9CC-B87D-43C5-A67E-99DBB89679CB}.Debug|Any CPU.ActiveCfg = Debug|Any CPU
		{6EABF9CC-B87D-43C5-A67E-99DBB89679CB}.Debug|Any CPU.Build.0 = Debug|Any CPU
		{6EABF9CC-B87D-43C5-A67E-99DBB89679CB}.Release|Any CPU.ActiveCfg = Release|Any CPU
		{6EABF9CC-B87D-43C5-A67E-99DBB89679CB}.Release|Any CPU.Build.0 = Release|Any CPU
		{B85FECE5-0B33-4871-B714-88D43CE48A57}.Debug|Any CPU.ActiveCfg = Debug|Any CPU
		{B85FECE5-0B33-4871-B714-88D43CE48A57}.Debug|Any CPU.Build.0 = Debug|Any CPU
		{B85FECE5-0B33-4871-B714-88D43CE48A57}.Release|Any CPU.ActiveCfg = Release|Any CPU
		{B85FECE5-0B33-4871-B714-88D43CE48A57}.Release|Any CPU.Build.0 = Release|Any CPU
		{E944918F-872F-4807-BD1C-CC14EBC7DD98}.Debug|Any CPU.ActiveCfg = Debug|Any CPU
		{E944918F-872F-4807-BD1C-CC14EBC7DD98}.Debug|Any CPU.Build.0 = Debug|Any CPU
		{E944918F-872F-4807-BD1C-CC14EBC7DD98}.Release|Any CPU.ActiveCfg = Release|Any CPU
		{E944918F-872F-4807-BD1C-CC14EBC7DD98}.Release|Any CPU.Build.0 = Release|Any CPU
		{35CCC32B-B2A1-4222-8303-CF0E00C01454}.Debug|Any CPU.ActiveCfg = Debug|Any CPU
		{35CCC32B-B2A1-4222-8303-CF0E00C01454}.Debug|Any CPU.Build.0 = Debug|Any CPU
		{35CCC32B-B2A1-4222-8303-CF0E00C01454}.Release|Any CPU.ActiveCfg = Release|Any CPU
		{35CCC32B-B2A1-4222-8303-CF0E00C01454}.Release|Any CPU.Build.0 = Release|Any CPU
		{F024A90C-CD9E-4317-96B8-D8CEC1B8C6DC}.Debug|Any CPU.ActiveCfg = Debug|Any CPU
		{F024A90C-CD9E-4317-96B8-D8CEC1B8C6DC}.Debug|Any CPU.Build.0 = Debug|Any CPU
		{F024A90C-CD9E-4317-96B8-D8CEC1B8C6DC}.Release|Any CPU.ActiveCfg = Release|Any CPU
		{F024A90C-CD9E-4317-96B8-D8CEC1B8C6DC}.Release|Any CPU.Build.0 = Release|Any CPU
		{E547A169-4B48-40CC-9FDB-2D97F1BE5FE7}.Debug|Any CPU.ActiveCfg = Debug|Any CPU
		{E547A169-4B48-40CC-9FDB-2D97F1BE5FE7}.Debug|Any CPU.Build.0 = Debug|Any CPU
		{E547A169-4B48-40CC-9FDB-2D97F1BE5FE7}.Release|Any CPU.ActiveCfg = Release|Any CPU
		{E547A169-4B48-40CC-9FDB-2D97F1BE5FE7}.Release|Any CPU.Build.0 = Release|Any CPU
		{C1881792-2ED7-4A8C-82EB-A34BDB8D636D}.Debug|Any CPU.ActiveCfg = Debug|Any CPU
		{C1881792-2ED7-4A8C-82EB-A34BDB8D636D}.Debug|Any CPU.Build.0 = Debug|Any CPU
		{C1881792-2ED7-4A8C-82EB-A34BDB8D636D}.Release|Any CPU.ActiveCfg = Release|Any CPU
		{C1881792-2ED7-4A8C-82EB-A34BDB8D636D}.Release|Any CPU.Build.0 = Release|Any CPU
		{F4043F1F-5AFC-4722-8D1F-08E8E4034257}.Debug|Any CPU.ActiveCfg = Debug|Any CPU
		{F4043F1F-5AFC-4722-8D1F-08E8E4034257}.Debug|Any CPU.Build.0 = Debug|Any CPU
		{F4043F1F-5AFC-4722-8D1F-08E8E4034257}.Release|Any CPU.ActiveCfg = Release|Any CPU
		{F4043F1F-5AFC-4722-8D1F-08E8E4034257}.Release|Any CPU.Build.0 = Release|Any CPU
		{2AD7907C-35B5-4CA7-8A0C-CE5AFAF7F5B4}.Debug|Any CPU.ActiveCfg = Debug|Any CPU
		{2AD7907C-35B5-4CA7-8A0C-CE5AFAF7F5B4}.Debug|Any CPU.Build.0 = Debug|Any CPU
		{2AD7907C-35B5-4CA7-8A0C-CE5AFAF7F5B4}.Release|Any CPU.ActiveCfg = Release|Any CPU
		{2AD7907C-35B5-4CA7-8A0C-CE5AFAF7F5B4}.Release|Any CPU.Build.0 = Release|Any CPU
		{83BBF05D-F78F-49AE-8F64-EDE85F80B01F}.Debug|Any CPU.ActiveCfg = Debug|Any CPU
		{83BBF05D-F78F-49AE-8F64-EDE85F80B01F}.Debug|Any CPU.Build.0 = Debug|Any CPU
		{83BBF05D-F78F-49AE-8F64-EDE85F80B01F}.Release|Any CPU.ActiveCfg = Release|Any CPU
		{83BBF05D-F78F-49AE-8F64-EDE85F80B01F}.Release|Any CPU.Build.0 = Release|Any CPU
	EndGlobalSection
	GlobalSection(SolutionProperties) = preSolution
		HideSolutionNode = FALSE
	EndGlobalSection
	GlobalSection(ExtensibilityGlobals) = postSolution
		SolutionGuid = {0487CC08-4F34-4C5D-9FAE-EE161620F20F}
	EndGlobalSection
EndGlobal
