
Microsoft Visual Studio Solution File, Format Version 12.00
# Visual Studio 15
VisualStudioVersion = 15.0.27004.2002
MinimumVisualStudioVersion = 10.0.40219.1
Project("{9A19103F-16F7-4668-BE54-9A1E7A4F7556}") = "Notify.NetCore2", "Notify.NetCore2\Notify.NetCore2.csproj", "{A45AC53B-9708-4827-9232-55AFE6D69AC8}"
EndProject
Project("{9A19103F-16F7-4668-BE54-9A1E7A4F7556}") = "Dashboard.NetCore2", "Dashboard.NetCore2\Dashboard.NetCore2.csproj", "{F8162E2F-EB1E-4F9B-9C1B-A3409CA496BE}"
EndProject
Project("{9A19103F-16F7-4668-BE54-9A1E7A4F7556}") = "Extensions.NetCore2", "Extensions.NetCore2\Extensions.NetCore2.csproj", "{8FAF0733-8BE5-419B-BECC-75E0ACCF0005}"
EndProject
Global
	GlobalSection(SolutionConfigurationPlatforms) = preSolution
		Debug|Any CPU = Debug|Any CPU
		Debug|x86 = Debug|x86
		DEV.Debug|Any CPU = DEV.Debug|Any CPU
		DEV.Debug|x86 = DEV.Debug|x86
		PREPROD|Any CPU = PREPROD|Any CPU
		PREPROD|x86 = PREPROD|x86
		PROD.Release|Any CPU = PROD.Release|Any CPU
		PROD.Release|x86 = PROD.Release|x86
		Release|Any CPU = Release|Any CPU
		Release|x86 = Release|x86
		TEST.Release|Any CPU = TEST.Release|Any CPU
		TEST.Release|x86 = TEST.Release|x86
	EndGlobalSection
	GlobalSection(ProjectConfigurationPlatforms) = postSolution
		{A45AC53B-9708-4827-9232-55AFE6D69AC8}.Debug|Any CPU.ActiveCfg = Debug|Any CPU
		{A45AC53B-9708-4827-9232-55AFE6D69AC8}.Debug|Any CPU.Build.0 = Debug|Any CPU
		{A45AC53B-9708-4827-9232-55AFE6D69AC8}.Debug|x86.ActiveCfg = Debug|Any CPU
		{A45AC53B-9708-4827-9232-55AFE6D69AC8}.Debug|x86.Build.0 = Debug|Any CPU
		{A45AC53B-9708-4827-9232-55AFE6D69AC8}.DEV.Debug|Any CPU.ActiveCfg = Debug|Any CPU
		{A45AC53B-9708-4827-9232-55AFE6D69AC8}.DEV.Debug|Any CPU.Build.0 = Debug|Any CPU
		{A45AC53B-9708-4827-9232-55AFE6D69AC8}.DEV.Debug|x86.ActiveCfg = Debug|Any CPU
		{A45AC53B-9708-4827-9232-55AFE6D69AC8}.DEV.Debug|x86.Build.0 = Debug|Any CPU
		{A45AC53B-9708-4827-9232-55AFE6D69AC8}.PREPROD|Any CPU.ActiveCfg = Debug|Any CPU
		{A45AC53B-9708-4827-9232-55AFE6D69AC8}.PREPROD|Any CPU.Build.0 = Debug|Any CPU
		{A45AC53B-9708-4827-9232-55AFE6D69AC8}.PREPROD|x86.ActiveCfg = Debug|Any CPU
		{A45AC53B-9708-4827-9232-55AFE6D69AC8}.PREPROD|x86.Build.0 = Debug|Any CPU
		{A45AC53B-9708-4827-9232-55AFE6D69AC8}.PROD.Release|Any CPU.ActiveCfg = Release|Any CPU
		{A45AC53B-9708-4827-9232-55AFE6D69AC8}.PROD.Release|Any CPU.Build.0 = Release|Any CPU
		{A45AC53B-9708-4827-9232-55AFE6D69AC8}.PROD.Release|x86.ActiveCfg = Release|Any CPU
		{A45AC53B-9708-4827-9232-55AFE6D69AC8}.PROD.Release|x86.Build.0 = Release|Any CPU
		{A45AC53B-9708-4827-9232-55AFE6D69AC8}.Release|Any CPU.ActiveCfg = Release|Any CPU
		{A45AC53B-9708-4827-9232-55AFE6D69AC8}.Release|Any CPU.Build.0 = Release|Any CPU
		{A45AC53B-9708-4827-9232-55AFE6D69AC8}.Release|x86.ActiveCfg = Release|Any CPU
		{A45AC53B-9708-4827-9232-55AFE6D69AC8}.Release|x86.Build.0 = Release|Any CPU
		{A45AC53B-9708-4827-9232-55AFE6D69AC8}.TEST.Release|Any CPU.ActiveCfg = Release|Any CPU
		{A45AC53B-9708-4827-9232-55AFE6D69AC8}.TEST.Release|Any CPU.Build.0 = Release|Any CPU
		{A45AC53B-9708-4827-9232-55AFE6D69AC8}.TEST.Release|x86.ActiveCfg = Release|Any CPU
		{A45AC53B-9708-4827-9232-55AFE6D69AC8}.TEST.Release|x86.Build.0 = Release|Any CPU
		{F8162E2F-EB1E-4F9B-9C1B-A3409CA496BE}.Debug|Any CPU.ActiveCfg = Debug|Any CPU
		{F8162E2F-EB1E-4F9B-9C1B-A3409CA496BE}.Debug|Any CPU.Build.0 = Debug|Any CPU
		{F8162E2F-EB1E-4F9B-9C1B-A3409CA496BE}.Debug|x86.ActiveCfg = Debug|Any CPU
		{F8162E2F-EB1E-4F9B-9C1B-A3409CA496BE}.Debug|x86.Build.0 = Debug|Any CPU
		{F8162E2F-EB1E-4F9B-9C1B-A3409CA496BE}.DEV.Debug|Any CPU.ActiveCfg = Debug|Any CPU
		{F8162E2F-EB1E-4F9B-9C1B-A3409CA496BE}.DEV.Debug|Any CPU.Build.0 = Debug|Any CPU
		{F8162E2F-EB1E-4F9B-9C1B-A3409CA496BE}.DEV.Debug|x86.ActiveCfg = Debug|Any CPU
		{F8162E2F-EB1E-4F9B-9C1B-A3409CA496BE}.DEV.Debug|x86.Build.0 = Debug|Any CPU
		{F8162E2F-EB1E-4F9B-9C1B-A3409CA496BE}.PREPROD|Any CPU.ActiveCfg = Debug|Any CPU
		{F8162E2F-EB1E-4F9B-9C1B-A3409CA496BE}.PREPROD|Any CPU.Build.0 = Debug|Any CPU
		{F8162E2F-EB1E-4F9B-9C1B-A3409CA496BE}.PREPROD|x86.ActiveCfg = Debug|Any CPU
		{F8162E2F-EB1E-4F9B-9C1B-A3409CA496BE}.PREPROD|x86.Build.0 = Debug|Any CPU
		{F8162E2F-EB1E-4F9B-9C1B-A3409CA496BE}.PROD.Release|Any CPU.ActiveCfg = Release|Any CPU
		{F8162E2F-EB1E-4F9B-9C1B-A3409CA496BE}.PROD.Release|Any CPU.Build.0 = Release|Any CPU
		{F8162E2F-EB1E-4F9B-9C1B-A3409CA496BE}.PROD.Release|x86.ActiveCfg = Release|Any CPU
		{F8162E2F-EB1E-4F9B-9C1B-A3409CA496BE}.PROD.Release|x86.Build.0 = Release|Any CPU
		{F8162E2F-EB1E-4F9B-9C1B-A3409CA496BE}.Release|Any CPU.ActiveCfg = Release|Any CPU
		{F8162E2F-EB1E-4F9B-9C1B-A3409CA496BE}.Release|Any CPU.Build.0 = Release|Any CPU
		{F8162E2F-EB1E-4F9B-9C1B-A3409CA496BE}.Release|x86.ActiveCfg = Release|Any CPU
		{F8162E2F-EB1E-4F9B-9C1B-A3409CA496BE}.Release|x86.Build.0 = Release|Any CPU
		{F8162E2F-EB1E-4F9B-9C1B-A3409CA496BE}.TEST.Release|Any CPU.ActiveCfg = Release|Any CPU
		{F8162E2F-EB1E-4F9B-9C1B-A3409CA496BE}.TEST.Release|Any CPU.Build.0 = Release|Any CPU
		{F8162E2F-EB1E-4F9B-9C1B-A3409CA496BE}.TEST.Release|x86.ActiveCfg = Release|Any CPU
		{F8162E2F-EB1E-4F9B-9C1B-A3409CA496BE}.TEST.Release|x86.Build.0 = Release|Any CPU
		{8FAF0733-8BE5-419B-BECC-75E0ACCF0005}.Debug|Any CPU.ActiveCfg = Debug|Any CPU
		{8FAF0733-8BE5-419B-BECC-75E0ACCF0005}.Debug|Any CPU.Build.0 = Debug|Any CPU
		{8FAF0733-8BE5-419B-BECC-75E0ACCF0005}.Debug|x86.ActiveCfg = Debug|Any CPU
		{8FAF0733-8BE5-419B-BECC-75E0ACCF0005}.Debug|x86.Build.0 = Debug|Any CPU
		{8FAF0733-8BE5-419B-BECC-75E0ACCF0005}.DEV.Debug|Any CPU.ActiveCfg = Debug|Any CPU
		{8FAF0733-8BE5-419B-BECC-75E0ACCF0005}.DEV.Debug|Any CPU.Build.0 = Debug|Any CPU
		{8FAF0733-8BE5-419B-BECC-75E0ACCF0005}.DEV.Debug|x86.ActiveCfg = Debug|Any CPU
		{8FAF0733-8BE5-419B-BECC-75E0ACCF0005}.DEV.Debug|x86.Build.0 = Debug|Any CPU
		{8FAF0733-8BE5-419B-BECC-75E0ACCF0005}.PREPROD|Any CPU.ActiveCfg = Debug|Any CPU
		{8FAF0733-8BE5-419B-BECC-75E0ACCF0005}.PREPROD|Any CPU.Build.0 = Debug|Any CPU
		{8FAF0733-8BE5-419B-BECC-75E0ACCF0005}.PREPROD|x86.ActiveCfg = Debug|Any CPU
		{8FAF0733-8BE5-419B-BECC-75E0ACCF0005}.PREPROD|x86.Build.0 = Debug|Any CPU
		{8FAF0733-8BE5-419B-BECC-75E0ACCF0005}.PROD.Release|Any CPU.ActiveCfg = Release|Any CPU
		{8FAF0733-8BE5-419B-BECC-75E0ACCF0005}.PROD.Release|Any CPU.Build.0 = Release|Any CPU
		{8FAF0733-8BE5-419B-BECC-75E0ACCF0005}.PROD.Release|x86.ActiveCfg = Release|Any CPU
		{8FAF0733-8BE5-419B-BECC-75E0ACCF0005}.PROD.Release|x86.Build.0 = Release|Any CPU
		{8FAF0733-8BE5-419B-BECC-75E0ACCF0005}.Release|Any CPU.ActiveCfg = Release|Any CPU
		{8FAF0733-8BE5-419B-BECC-75E0ACCF0005}.Release|Any CPU.Build.0 = Release|Any CPU
		{8FAF0733-8BE5-419B-BECC-75E0ACCF0005}.Release|x86.ActiveCfg = Release|Any CPU
		{8FAF0733-8BE5-419B-BECC-75E0ACCF0005}.Release|x86.Build.0 = Release|Any CPU
		{8FAF0733-8BE5-419B-BECC-75E0ACCF0005}.TEST.Release|Any CPU.ActiveCfg = Release|Any CPU
		{8FAF0733-8BE5-419B-BECC-75E0ACCF0005}.TEST.Release|Any CPU.Build.0 = Release|Any CPU
		{8FAF0733-8BE5-419B-BECC-75E0ACCF0005}.TEST.Release|x86.ActiveCfg = Release|Any CPU
		{8FAF0733-8BE5-419B-BECC-75E0ACCF0005}.TEST.Release|x86.Build.0 = Release|Any CPU
	EndGlobalSection
	GlobalSection(SolutionProperties) = preSolution
		HideSolutionNode = FALSE
	EndGlobalSection
	GlobalSection(ExtensibilityGlobals) = postSolution
		SolutionGuid = {AD7132A5-6BED-4E10-AE5D-8D5F80D9F210}
	EndGlobalSection
EndGlobal
