
Microsoft Visual Studio Solution File, Format Version 12.00
# Visual Studio 15
VisualStudioVersion = 15.0.27004.2002
MinimumVisualStudioVersion = 10.0.40219.1
Project("{FAE04EC0-301F-11D3-BF4B-00C04F79EFBC}") = "Dashboard.Net", "Dashboard.Net\Dashboard.Net.csproj", "{3B45260F-ED17-4EA5-BB0F-43461C3E23DD}"
EndProject
Project("{FAE04EC0-301F-11D3-BF4B-00C04F79EFBC}") = "VstsApi.Net", "VstsManager.Net\VstsApi.Net.csproj", "{6EABF9CC-B87D-43C5-A67E-99DBB89679CB}"
EndProject
Project("{FAE04EC0-301F-11D3-BF4B-00C04F79EFBC}") = "Extensions.Net", "Extensions.Net\Extensions.Net.csproj", "{EB6AC325-F8FC-4B68-B6BD-C86437314E13}"
EndProject
Project("{FAE04EC0-301F-11D3-BF4B-00C04F79EFBC}") = "Dashboard.Webjobs.Net", "Dashboard.Webjobs.Net\Dashboard.Webjobs.Net.csproj", "{B85FECE5-0B33-4871-B714-88D43CE48A57}"
EndProject
Project("{9A19103F-16F7-4668-BE54-9A1E7A4F7556}") = "AzureApi.Net", "AzureApi.Net\AzureApi.Net.csproj", "{E944918F-872F-4807-BD1C-CC14EBC7DD98}"
EndProject
Project("{9A19103F-16F7-4668-BE54-9A1E7A4F7556}") = "AzureApi.Client.Net", "AzureApi.Client.Net\AzureApi.Client.Net.csproj", "{35CCC32B-B2A1-4222-8303-CF0E00C01454}"
EndProject
Global
	GlobalSection(SolutionConfigurationPlatforms) = preSolution
		Debug|Any CPU = Debug|Any CPU
		Release|Any CPU = Release|Any CPU
	EndGlobalSection
	GlobalSection(ProjectConfigurationPlatforms) = postSolution
		{3B45260F-ED17-4EA5-BB0F-43461C3E23DD}.Debug|Any CPU.ActiveCfg = Debug|Any CPU
		{3B45260F-ED17-4EA5-BB0F-43461C3E23DD}.Debug|Any CPU.Build.0 = Debug|Any CPU
		{3B45260F-ED17-4EA5-BB0F-43461C3E23DD}.Release|Any CPU.ActiveCfg = Release|Any CPU
		{3B45260F-ED17-4EA5-BB0F-43461C3E23DD}.Release|Any CPU.Build.0 = Release|Any CPU
		{6EABF9CC-B87D-43C5-A67E-99DBB89679CB}.Debug|Any CPU.ActiveCfg = Debug|Any CPU
		{6EABF9CC-B87D-43C5-A67E-99DBB89679CB}.Debug|Any CPU.Build.0 = Debug|Any CPU
		{6EABF9CC-B87D-43C5-A67E-99DBB89679CB}.Release|Any CPU.ActiveCfg = Release|Any CPU
		{6EABF9CC-B87D-43C5-A67E-99DBB89679CB}.Release|Any CPU.Build.0 = Release|Any CPU
		{EB6AC325-F8FC-4B68-B6BD-C86437314E13}.Debug|Any CPU.ActiveCfg = Debug|Any CPU
		{EB6AC325-F8FC-4B68-B6BD-C86437314E13}.Debug|Any CPU.Build.0 = Debug|Any CPU
		{EB6AC325-F8FC-4B68-B6BD-C86437314E13}.Release|Any CPU.ActiveCfg = Release|Any CPU
		{EB6AC325-F8FC-4B68-B6BD-C86437314E13}.Release|Any CPU.Build.0 = Release|Any CPU
		{B85FECE5-0B33-4871-B714-88D43CE48A57}.Debug|Any CPU.ActiveCfg = Debug|Any CPU
		{B85FECE5-0B33-4871-B714-88D43CE48A57}.Debug|Any CPU.Build.0 = Debug|Any CPU
		{B85FECE5-0B33-4871-B714-88D43CE48A57}.Release|Any CPU.ActiveCfg = Release|Any CPU
		{B85FECE5-0B33-4871-B714-88D43CE48A57}.Release|Any CPU.Build.0 = Release|Any CPU
		{E944918F-872F-4807-BD1C-CC14EBC7DD98}.Debug|Any CPU.ActiveCfg = Debug|Any CPU
		{E944918F-872F-4807-BD1C-CC14EBC7DD98}.Debug|Any CPU.Build.0 = Debug|Any CPU
		{E944918F-872F-4807-BD1C-CC14EBC7DD98}.Release|Any CPU.ActiveCfg = Release|Any CPU
		{E944918F-872F-4807-BD1C-CC14EBC7DD98}.Release|Any CPU.Build.0 = Release|Any CPU
		{35CCC32B-B2A1-4222-8303-CF0E00C01454}.Debug|Any CPU.ActiveCfg = Debug|Any CPU
		{35CCC32B-B2A1-4222-8303-CF0E00C01454}.Debug|Any CPU.Build.0 = Debug|Any CPU
		{35CCC32B-B2A1-4222-8303-CF0E00C01454}.Release|Any CPU.ActiveCfg = Release|Any CPU
		{35CCC32B-B2A1-4222-8303-CF0E00C01454}.Release|Any CPU.Build.0 = Release|Any CPU
	EndGlobalSection
	GlobalSection(SolutionProperties) = preSolution
		HideSolutionNode = FALSE
	EndGlobalSection
	GlobalSection(ExtensibilityGlobals) = postSolution
		SolutionGuid = {0487CC08-4F34-4C5D-9FAE-EE161620F20F}
	EndGlobalSection
EndGlobal
